
Microsoft Visual Studio Solution File, Format Version 12.00
# Visual Studio 15
VisualStudioVersion = 15.0.28307.421
MinimumVisualStudioVersion = 10.0.40219.1
Project("{8BC9CEB8-8B4A-11D0-8D11-00A0C91BC942}") = "MetroEX", "MetroEX.vcxproj", "{D6D3A705-0DE5-41EB-BC95-F674D1F795C0}"
EndProject
Project("{FAE04EC0-301F-11D3-BF4B-00C04F79EFBC}") = "MetroEXControls", "libs\MetroEXControls\MetroEXControls.csproj", "{C49E5F43-F91A-4E8E-817F-79709F284236}"
EndProject
Project("{8BC9CEB8-8B4A-11D0-8D11-00A0C91BC942}") = "MetroExplorer", "MetroExplorer\MetroExplorer.vcxproj", "{D690530A-1015-4977-B0F6-131DE970066B}"
EndProject
Project("{2150E333-8FDC-42A3-9474-1A3956D46DE8}") = "Solution Items", "Solution Items", "{12948756-98FC-4447-AB47-7F7A33F84100}"
	ProjectSection(SolutionItems) = preProject
		.clang-format = .clang-format
	EndProjectSection
EndProject
Global
	GlobalSection(SolutionConfigurationPlatforms) = preSolution
		Debug|x64 = Debug|x64
		Debug|x86 = Debug|x86
		Release|x64 = Release|x64
		Release|x86 = Release|x86
	EndGlobalSection
	GlobalSection(ProjectConfigurationPlatforms) = postSolution
		{D6D3A705-0DE5-41EB-BC95-F674D1F795C0}.Debug|x64.ActiveCfg = Debug|x64
		{D6D3A705-0DE5-41EB-BC95-F674D1F795C0}.Debug|x64.Build.0 = Debug|x64
		{D6D3A705-0DE5-41EB-BC95-F674D1F795C0}.Debug|x86.ActiveCfg = Debug|x64
		{D6D3A705-0DE5-41EB-BC95-F674D1F795C0}.Release|x64.ActiveCfg = Release|x64
		{D6D3A705-0DE5-41EB-BC95-F674D1F795C0}.Release|x64.Build.0 = Release|x64
		{D6D3A705-0DE5-41EB-BC95-F674D1F795C0}.Release|x86.ActiveCfg = Release|x64
		{C49E5F43-F91A-4E8E-817F-79709F284236}.Debug|x64.ActiveCfg = Debug|Any CPU
		{C49E5F43-F91A-4E8E-817F-79709F284236}.Debug|x64.Build.0 = Debug|Any CPU
		{C49E5F43-F91A-4E8E-817F-79709F284236}.Debug|x86.ActiveCfg = Debug|Any CPU
		{C49E5F43-F91A-4E8E-817F-79709F284236}.Debug|x86.Build.0 = Debug|Any CPU
		{C49E5F43-F91A-4E8E-817F-79709F284236}.Release|x64.ActiveCfg = Release|Any CPU
		{C49E5F43-F91A-4E8E-817F-79709F284236}.Release|x64.Build.0 = Release|Any CPU
		{C49E5F43-F91A-4E8E-817F-79709F284236}.Release|x86.ActiveCfg = Release|Any CPU
		{C49E5F43-F91A-4E8E-817F-79709F284236}.Release|x86.Build.0 = Release|Any CPU
		{D690530A-1015-4977-B0F6-131DE970066B}.Debug|x64.ActiveCfg = Debug|x64
		{D690530A-1015-4977-B0F6-131DE970066B}.Debug|x64.Build.0 = Debug|x64
		{D690530A-1015-4977-B0F6-131DE970066B}.Debug|x86.ActiveCfg = Debug|Win32
		{D690530A-1015-4977-B0F6-131DE970066B}.Debug|x86.Build.0 = Debug|Win32
		{D690530A-1015-4977-B0F6-131DE970066B}.Release|x64.ActiveCfg = Release|x64
		{D690530A-1015-4977-B0F6-131DE970066B}.Release|x64.Build.0 = Release|x64
		{D690530A-1015-4977-B0F6-131DE970066B}.Release|x86.ActiveCfg = Release|Win32
		{D690530A-1015-4977-B0F6-131DE970066B}.Release|x86.Build.0 = Release|Win32
	EndGlobalSection
	GlobalSection(SolutionProperties) = preSolution
		HideSolutionNode = FALSE
	EndGlobalSection
	GlobalSection(ExtensibilityGlobals) = postSolution
		SolutionGuid = {8FDC4E04-8C21-4950-BFBF-965CC728AC93}
	EndGlobalSection
EndGlobal
